# This file is automatically @generated by Poetry and should not be changed by hand.

[[package]]
name = "click"
version = "8.1.7"
description = "Composable command line interface toolkit"
category = "main"
optional = false
python-versions = ">=3.7"
files = [
    {file = "click-8.1.7-py3-none-any.whl", hash = "sha256:ae74fb96c20a0277a1d615f1e4d73c8414f5a98db8b799a7931d1582f3390c28"},
    {file = "click-8.1.7.tar.gz", hash = "sha256:ca9853ad459e787e2192211578cc907e7594e294c7ccc834310722b41b9ca6de"},
]

[package.dependencies]
colorama = {version = "*", markers = "platform_system == \"Windows\""}

[[package]]
name = "colorama"
version = "0.4.6"
description = "Cross-platform colored terminal text."
category = "main"
optional = false
python-versions = "!=3.0.*,!=3.1.*,!=3.2.*,!=3.3.*,!=3.4.*,!=3.5.*,!=3.6.*,>=2.7"
files = [
    {file = "colorama-0.4.6-py2.py3-none-any.whl", hash = "sha256:4f1d9991f5acc0ca119f9d443620b77f9d6b33703e51011c16baf57afb285fc6"},
    {file = "colorama-0.4.6.tar.gz", hash = "sha256:08695f5cb7ed6e0531a20572697297273c47b8cae5a63ffc6d6ed5c201be6e44"},
]

[[package]]
name = "customtkinter"
version = "5.2.1"
description = "Create modern looking GUIs with Python"
category = "main"
optional = false
python-versions = ">=3.7"
files = [
    {file = "customtkinter-5.2.1-py3-none-any.whl", hash = "sha256:8a284d035ccd5537730bc83816bf6c456538ae81594749a946c86470cab6e87b"},
    {file = "customtkinter-5.2.1.tar.gz", hash = "sha256:eddc1c416063e1ce1aa2793959b0814e95e22d3de3f2a940bd84828f7301f555"},
]

[package.dependencies]
darkdetect = "*"

[[package]]
name = "darkdetect"
version = "0.8.0"
description = "Detect OS Dark Mode from Python"
category = "main"
optional = false
python-versions = ">=3.6"
files = [
    {file = "darkdetect-0.8.0-py3-none-any.whl", hash = "sha256:a7509ccf517eaad92b31c214f593dbcf138ea8a43b2935406bbd565e15527a85"},
    {file = "darkdetect-0.8.0.tar.gz", hash = "sha256:b5428e1170263eb5dea44c25dc3895edd75e6f52300986353cd63533fe7df8b1"},
]

[package.extras]
macos-listener = ["pyobjc-framework-Cocoa"]

[[package]]
name = "decorator"
version = "5.1.1"
description = "Decorators for Humans"
category = "main"
optional = false
python-versions = ">=3.5"
files = [
    {file = "decorator-5.1.1-py3-none-any.whl", hash = "sha256:b8c3f85900b9dc423225913c5aace94729fe1fa9763b38939a95226f02d37186"},
    {file = "decorator-5.1.1.tar.gz", hash = "sha256:637996211036b6385ef91435e4fae22989472f9d571faba8927ba8253acbc330"},
]

[[package]]
name = "future"
version = "0.18.3"
description = "Clean single-source support for Python 3 and 2"
category = "main"
optional = false
python-versions = ">=2.6, !=3.0.*, !=3.1.*, !=3.2.*"
files = [
    {file = "future-0.18.3.tar.gz", hash = "sha256:34a17436ed1e96697a86f9de3d15a3b0be01d8bc8de9c1dffd59fb8234ed5307"},
]

[[package]]
name = "gax-google-logging-v2"
version = "0.8.3"
description = "GAX library for the Google Logging API"
category = "main"
optional = false
python-versions = "*"
files = [
    {file = "gax-google-logging-v2-0.8.3.tar.gz", hash = "sha256:c36cbb93e070b3b535e9fffff6879efe447e525dff75b62eb4564def515e1a18"},
]

[package.dependencies]
google-gax = ">=0.12.5,<0.13.0"
googleapis-common-protos = ">=1.1.0"
grpc-google-logging-v2 = ">=0.8.1,<0.9.0"
oauth2client = ">=1.4.11"

[[package]]
name = "gax-google-pubsub-v1"
version = "0.8.3"
description = "DEPRECATED"
category = "main"
optional = false
python-versions = "*"
files = [
    {file = "gax-google-pubsub-v1-0.8.3.tar.gz", hash = "sha256:943df4aa05cf0302fa1616197d05e29adb62be2c0f55f80d8345439d72471526"},
]

[package.dependencies]
google-gax = ">=0.12.5,<0.13.0"
googleapis-common-protos = ">=1.1.0"
grpc-google-pubsub-v1 = ">=0.8.1,<0.9.0"
oauth2client = ">=1.4.11"

[[package]]
name = "gcloud"
version = "0.17.0"
description = "API Client library for Google Cloud"
category = "main"
optional = false
python-versions = "*"
files = [
    {file = "gcloud-0.17.0.tar.gz", hash = "sha256:3371992c738cee83a9bf67230e434c811428fcccbcb607696f2d4f76dd0a157e"},
]

[package.dependencies]
gax-google-logging-v2 = ">=0.7.10"
gax-google-pubsub-v1 = ">=0.7.10"
google-gax = ">=0.12.1"
googleapis-common-protos = "*"
grpcio = ">=0.14.0"
httplib2 = ">=0.9.1"
oauth2client = ">=2.0.1"
protobuf = ">=3.0.0b2,<3.0.0.b2.post1 || >3.0.0.b2.post1"
six = "*"

[package.extras]
grpc = ["gax-google-logging-v2 (>=0.7.10)", "gax-google-pubsub-v1 (>=0.7.10)", "google-gax (>=0.12.1)", "grpcio (>=0.14.0)"]

[[package]]
name = "geocoder"
version = "1.38.1"
description = "Geocoder is a simple and consistent geocoding library."
category = "main"
optional = false
python-versions = "*"
files = [
    {file = "geocoder-1.38.1-py2.py3-none-any.whl", hash = "sha256:a733e1dfbce3f4e1a526cac03aadcedb8ed1239cf55bd7f3a23c60075121a834"},
    {file = "geocoder-1.38.1.tar.gz", hash = "sha256:c9925374c961577d0aee403b09e6f8ea1971d913f011f00ca70c76beaf7a77e7"},
]

[package.dependencies]
click = "*"
future = "*"
ratelim = "*"
requests = "*"
six = "*"

[[package]]
name = "google-gax"
version = "0.12.5"
description = "Google API Extensions"
category = "main"
optional = false
python-versions = "*"
files = [
    {file = "google-gax-0.12.5.tar.gz", hash = "sha256:63312a04cb87ca50e857245f05c582b2171807a30e61cef85006b983bf659cb9"},
]

[package.dependencies]
future = ">=0.15.2"
grpcio = ">=1.0rc1"
oauth2client = ">=1.5.2"
ply = "3.8"
protobuf = ">=3.0.0b3"

[[package]]
name = "googleapis-common-protos"
version = "1.61.0"
description = "Common protobufs used in Google APIs"
category = "main"
optional = false
python-versions = ">=3.7"
files = [
    {file = "googleapis-common-protos-1.61.0.tar.gz", hash = "sha256:8a64866a97f6304a7179873a465d6eee97b7a24ec6cfd78e0f575e96b821240b"},
    {file = "googleapis_common_protos-1.61.0-py2.py3-none-any.whl", hash = "sha256:22f1915393bb3245343f6efe87f6fe868532efc12aa26b391b15132e1279f1c0"},
]

[package.dependencies]
protobuf = ">=3.19.5,<3.20.0 || >3.20.0,<3.20.1 || >3.20.1,<4.21.1 || >4.21.1,<4.21.2 || >4.21.2,<4.21.3 || >4.21.3,<4.21.4 || >4.21.4,<4.21.5 || >4.21.5,<5.0.0.dev0"

[package.extras]
grpc = ["grpcio (>=1.44.0,<2.0.0.dev0)"]

[[package]]
name = "grpc-google-logging-v2"
version = "0.8.1"
description = "GRPC library for the google-logging-v2 service"
category = "main"
optional = false
python-versions = "*"
files = [
    {file = "grpc-google-logging-v2-0.8.1.tar.gz", hash = "sha256:4b6b4e603860b134b2cb8732bb4d1f2cec963d553497dcf70b3f5ecc99d7fb4f"},
]

[package.dependencies]
googleapis-common-protos = ">=1.1.0"
grpcio = ">=1.0rc1"
oauth2client = ">=1.4.11"

[[package]]
name = "grpc-google-pubsub-v1"
version = "0.8.1"
description = "GRPC library for the google-pubsub-v1 service"
category = "main"
optional = false
python-versions = "*"
files = [
    {file = "grpc-google-pubsub-v1-0.8.1.tar.gz", hash = "sha256:ab5a3a239a9678012cdc00a9b9a8fe8c75fca9a0035da41da3078145e9d967b9"},
]

[package.dependencies]
googleapis-common-protos = ">=1.1.0"
grpcio = ">=1.0rc1"
oauth2client = ">=1.4.11"

[[package]]
name = "grpcio"
version = "1.59.2"
description = "HTTP/2-based RPC framework"
category = "main"
optional = false
python-versions = ">=3.7"
files = [
    {file = "grpcio-1.59.2-cp310-cp310-linux_armv7l.whl", hash = "sha256:d2fa68a96a30dd240be80bbad838a0ac81a61770611ff7952b889485970c4c71"},
    {file = "grpcio-1.59.2-cp310-cp310-macosx_12_0_universal2.whl", hash = "sha256:cf0dead5a2c5a3347af2cfec7131d4f2a2e03c934af28989c9078f8241a491fa"},
    {file = "grpcio-1.59.2-cp310-cp310-manylinux_2_17_aarch64.whl", hash = "sha256:e420ced29b5904cdf9ee5545e23f9406189d8acb6750916c2db4793dada065c6"},
    {file = "grpcio-1.59.2-cp310-cp310-manylinux_2_17_i686.manylinux2014_i686.whl", hash = "sha256:2b230028a008ae1d0f430acb227d323ff8a619017415cf334c38b457f814119f"},
    {file = "grpcio-1.59.2-cp310-cp310-manylinux_2_17_x86_64.manylinux2014_x86_64.whl", hash = "sha256:0a4a3833c0e067f3558538727235cd8a49709bff1003200bbdefa2f09334e4b1"},
    {file = "grpcio-1.59.2-cp310-cp310-musllinux_1_1_i686.whl", hash = "sha256:6b25ed37c27e652db01be341af93fbcea03d296c024d8a0e680017a268eb85dd"},
    {file = "grpcio-1.59.2-cp310-cp310-musllinux_1_1_x86_64.whl", hash = "sha256:73abb8584b0cf74d37f5ef61c10722adc7275502ab71789a8fe3cb7ef04cf6e2"},
    {file = "grpcio-1.59.2-cp310-cp310-win32.whl", hash = "sha256:d6f70406695e3220f09cd7a2f879333279d91aa4a8a1d34303b56d61a8180137"},
    {file = "grpcio-1.59.2-cp310-cp310-win_amd64.whl", hash = "sha256:3c61d641d4f409c5ae46bfdd89ea42ce5ea233dcf69e74ce9ba32b503c727e29"},
    {file = "grpcio-1.59.2-cp311-cp311-linux_armv7l.whl", hash = "sha256:3059668df17627f0e0fa680e9ef8c995c946c792612e9518f5cc1503be14e90b"},
    {file = "grpcio-1.59.2-cp311-cp311-macosx_10_10_universal2.whl", hash = "sha256:72ca2399097c0b758198f2ff30f7178d680de8a5cfcf3d9b73a63cf87455532e"},
    {file = "grpcio-1.59.2-cp311-cp311-manylinux_2_17_aarch64.whl", hash = "sha256:c978f864b35f2261e0819f5cd88b9830b04dc51bcf055aac3c601e525a10d2ba"},
    {file = "grpcio-1.59.2-cp311-cp311-manylinux_2_17_i686.manylinux2014_i686.whl", hash = "sha256:9411e24328a2302e279e70cae6e479f1fddde79629fcb14e03e6d94b3956eabf"},
    {file = "grpcio-1.59.2-cp311-cp311-manylinux_2_17_x86_64.manylinux2014_x86_64.whl", hash = "sha256:bb7e0fe6ad73b7f06d7e2b689c19a71cf5cc48f0c2bf8608469e51ffe0bd2867"},
    {file = "grpcio-1.59.2-cp311-cp311-musllinux_1_1_i686.whl", hash = "sha256:c2504eed520958a5b77cc99458297cb7906308cb92327f35fb7fbbad4e9b2188"},
    {file = "grpcio-1.59.2-cp311-cp311-musllinux_1_1_x86_64.whl", hash = "sha256:2171c39f355ba5b551c5d5928d65aa6c69807fae195b86ef4a7d125bcdb860a9"},
    {file = "grpcio-1.59.2-cp311-cp311-win32.whl", hash = "sha256:d2794f0e68b3085d99b4f6ff9c089f6fdd02b32b9d3efdfbb55beac1bf22d516"},
    {file = "grpcio-1.59.2-cp311-cp311-win_amd64.whl", hash = "sha256:2067274c88bc6de89c278a672a652b4247d088811ece781a4858b09bdf8448e3"},
    {file = "grpcio-1.59.2-cp312-cp312-linux_armv7l.whl", hash = "sha256:535561990e075fa6bd4b16c4c3c1096b9581b7bb35d96fac4650f1181e428268"},
    {file = "grpcio-1.59.2-cp312-cp312-macosx_10_10_universal2.whl", hash = "sha256:a213acfbf186b9f35803b52e4ca9addb153fc0b67f82a48f961be7000ecf6721"},
    {file = "grpcio-1.59.2-cp312-cp312-manylinux_2_17_aarch64.whl", hash = "sha256:6959fb07e8351e20501ffb8cc4074c39a0b7ef123e1c850a7f8f3afdc3a3da01"},
    {file = "grpcio-1.59.2-cp312-cp312-manylinux_2_17_i686.manylinux2014_i686.whl", hash = "sha256:e82c5cf1495244adf5252f925ac5932e5fd288b3e5ab6b70bec5593074b7236c"},
    {file = "grpcio-1.59.2-cp312-cp312-manylinux_2_17_x86_64.manylinux2014_x86_64.whl", hash = "sha256:023088764012411affe7db183d1ada3ad9daf2e23ddc719ff46d7061de661340"},
    {file = "grpcio-1.59.2-cp312-cp312-musllinux_1_1_i686.whl", hash = "sha256:da2d94c15f88cd40d7e67f7919d4f60110d2b9d5b1e08cf354c2be773ab13479"},
    {file = "grpcio-1.59.2-cp312-cp312-musllinux_1_1_x86_64.whl", hash = "sha256:6009386a2df66159f64ac9f20425ae25229b29b9dd0e1d3dd60043f037e2ad7e"},
    {file = "grpcio-1.59.2-cp312-cp312-win32.whl", hash = "sha256:75c6ecb70e809cf1504465174343113f51f24bc61e22a80ae1c859f3f7034c6d"},
    {file = "grpcio-1.59.2-cp312-cp312-win_amd64.whl", hash = "sha256:cbe946b3e6e60a7b4618f091e62a029cb082b109a9d6b53962dd305087c6e4fd"},
    {file = "grpcio-1.59.2-cp37-cp37m-linux_armv7l.whl", hash = "sha256:f8753a6c88d1d0ba64302309eecf20f70d2770f65ca02d83c2452279085bfcd3"},
    {file = "grpcio-1.59.2-cp37-cp37m-macosx_10_10_universal2.whl", hash = "sha256:f1ef0d39bc1feb420caf549b3c657c871cad4ebbcf0580c4d03816b0590de0cf"},
    {file = "grpcio-1.59.2-cp37-cp37m-manylinux_2_17_aarch64.whl", hash = "sha256:4c93f4abbb54321ee6471e04a00139c80c754eda51064187963ddf98f5cf36a4"},
    {file = "grpcio-1.59.2-cp37-cp37m-manylinux_2_17_i686.manylinux2014_i686.whl", hash = "sha256:08d77e682f2bf730a4961eea330e56d2f423c6a9b91ca222e5b1eb24a357b19f"},
    {file = "grpcio-1.59.2-cp37-cp37m-manylinux_2_17_x86_64.manylinux2014_x86_64.whl", hash = "sha256:1ff16d68bf453275466a9a46739061a63584d92f18a0f5b33d19fc97eb69867c"},
    {file = "grpcio-1.59.2-cp37-cp37m-musllinux_1_1_i686.whl", hash = "sha256:4abb717e320e74959517dc8e84a9f48fbe90e9abe19c248541e9418b1ce60acd"},
    {file = "grpcio-1.59.2-cp37-cp37m-musllinux_1_1_x86_64.whl", hash = "sha256:36f53c2b3449c015880e7d55a89c992c357f176327b0d2873cdaaf9628a37c69"},
    {file = "grpcio-1.59.2-cp37-cp37m-win_amd64.whl", hash = "sha256:cc3e4cd087f07758b16bef8f31d88dbb1b5da5671d2f03685ab52dece3d7a16e"},
    {file = "grpcio-1.59.2-cp38-cp38-linux_armv7l.whl", hash = "sha256:27f879ae604a7fcf371e59fba6f3ff4635a4c2a64768bd83ff0cac503142fef4"},
    {file = "grpcio-1.59.2-cp38-cp38-macosx_10_10_universal2.whl", hash = "sha256:7cf05053242f61ba94014dd3a986e11a083400a32664058f80bf4cf817c0b3a1"},
    {file = "grpcio-1.59.2-cp38-cp38-manylinux_2_17_aarch64.whl", hash = "sha256:e1727c1c0e394096bb9af185c6923e8ea55a5095b8af44f06903bcc0e06800a2"},
    {file = "grpcio-1.59.2-cp38-cp38-manylinux_2_17_i686.manylinux2014_i686.whl", hash = "sha256:5d573e70a6fe77555fb6143c12d3a7d3fa306632a3034b4e7c59ca09721546f8"},
    {file = "grpcio-1.59.2-cp38-cp38-manylinux_2_17_x86_64.manylinux2014_x86_64.whl", hash = "sha256:31176aa88f36020055ace9adff2405a33c8bdbfa72a9c4980e25d91b2f196873"},
    {file = "grpcio-1.59.2-cp38-cp38-musllinux_1_1_i686.whl", hash = "sha256:11168ef43e4a43ff1b1a65859f3e0ef1a173e277349e7fb16923ff108160a8cd"},
    {file = "grpcio-1.59.2-cp38-cp38-musllinux_1_1_x86_64.whl", hash = "sha256:53c9aa5ddd6857c0a1cd0287225a2a25873a8e09727c2e95c4aebb1be83a766a"},
    {file = "grpcio-1.59.2-cp38-cp38-win32.whl", hash = "sha256:3b4368b33908f683a363f376dfb747d40af3463a6e5044afee07cf9436addf96"},
    {file = "grpcio-1.59.2-cp38-cp38-win_amd64.whl", hash = "sha256:0a754aff9e3af63bdc4c75c234b86b9d14e14a28a30c4e324aed1a9b873d755f"},
    {file = "grpcio-1.59.2-cp39-cp39-linux_armv7l.whl", hash = "sha256:1f9524d1d701e399462d2c90ba7c193e49d1711cf429c0d3d97c966856e03d00"},
    {file = "grpcio-1.59.2-cp39-cp39-macosx_10_10_universal2.whl", hash = "sha256:f93dbf58f03146164048be5426ffde298b237a5e059144847e4940f5b80172c3"},
    {file = "grpcio-1.59.2-cp39-cp39-manylinux_2_17_aarch64.whl", hash = "sha256:6da6dea3a1bacf99b3c2187e296db9a83029ed9c38fd4c52b7c9b7326d13c828"},
    {file = "grpcio-1.59.2-cp39-cp39-manylinux_2_17_i686.manylinux2014_i686.whl", hash = "sha256:c5f09cffa619adfb44799fa4a81c2a1ad77c887187613fb0a8f201ab38d89ba1"},
    {file = "grpcio-1.59.2-cp39-cp39-manylinux_2_17_x86_64.manylinux2014_x86_64.whl", hash = "sha256:c35aa9657f5d5116d23b934568e0956bd50c615127810fffe3ac356a914c176a"},
    {file = "grpcio-1.59.2-cp39-cp39-musllinux_1_1_i686.whl", hash = "sha256:74100fecaec8a535e380cf5f2fb556ff84957d481c13e54051c52e5baac70541"},
    {file = "grpcio-1.59.2-cp39-cp39-musllinux_1_1_x86_64.whl", hash = "sha256:128e20f57c5f27cb0157e73756d1586b83c1b513ebecc83ea0ac37e4b0e4e758"},
    {file = "grpcio-1.59.2-cp39-cp39-win32.whl", hash = "sha256:686e975a5d16602dc0982c7c703948d17184bd1397e16c8ee03511ecb8c4cdda"},
    {file = "grpcio-1.59.2-cp39-cp39-win_amd64.whl", hash = "sha256:242adc47725b9a499ee77c6a2e36688fa6c96484611f33b1be4c57ab075a92dd"},
    {file = "grpcio-1.59.2.tar.gz", hash = "sha256:d8f9cd4ad1be90b0cf350a2f04a38a36e44a026cac1e036ac593dc48efe91d52"},
]

[package.extras]
protobuf = ["grpcio-tools (>=1.59.2)"]

[[package]]
name = "httplib2"
version = "0.22.0"
description = "A comprehensive HTTP client library."
category = "main"
optional = false
python-versions = ">=2.7, !=3.0.*, !=3.1.*, !=3.2.*, !=3.3.*"
files = [
    {file = "httplib2-0.22.0-py3-none-any.whl", hash = "sha256:14ae0a53c1ba8f3d37e9e27cf37eabb0fb9980f435ba405d546948b009dd64dc"},
    {file = "httplib2-0.22.0.tar.gz", hash = "sha256:d7a10bc5ef5ab08322488bde8c726eeee5c8618723fdb399597ec58f3d82df81"},
]

[package.dependencies]
pyparsing = {version = ">=2.4.2,<3.0.0 || >3.0.0,<3.0.1 || >3.0.1,<3.0.2 || >3.0.2,<3.0.3 || >3.0.3,<4", markers = "python_version > \"3.0\""}

[[package]]
name = "jws"
version = "0.1.3"
description = "JSON Web Signatures implementation in Python"
category = "main"
optional = false
python-versions = "*"
files = [
    {file = "jws-0.1.3.tar.gz", hash = "sha256:0e3d4cb06ae7c5c1d16d357b4e7acb5c5ecab0cccb3a4b998035b85052488053"},
]

[[package]]
name = "oauth2client"
version = "3.0.0"
description = "OAuth 2.0 client library"
category = "main"
optional = false
python-versions = "*"
files = [
    {file = "oauth2client-3.0.0.tar.gz", hash = "sha256:5b5b056ec6f2304e7920b632885bd157fa71d1a7f3ddd00a43b1541a8d1a2460"},
]

[package.dependencies]
httplib2 = ">=0.9.1"
pyasn1 = ">=0.1.7"
pyasn1-modules = ">=0.0.5"
rsa = ">=3.1.4"
six = ">=1.6.1"

[[package]]
name = "pillow"
version = "10.1.0"
description = "Python Imaging Library (Fork)"
category = "main"
optional = false
python-versions = ">=3.8"
files = [
    {file = "Pillow-10.1.0-cp310-cp310-macosx_10_10_x86_64.whl", hash = "sha256:1ab05f3db77e98f93964697c8efc49c7954b08dd61cff526b7f2531a22410106"},
    {file = "Pillow-10.1.0-cp310-cp310-macosx_11_0_arm64.whl", hash = "sha256:6932a7652464746fcb484f7fc3618e6503d2066d853f68a4bd97193a3996e273"},
    {file = "Pillow-10.1.0-cp310-cp310-manylinux_2_17_aarch64.manylinux2014_aarch64.whl", hash = "sha256:a5f63b5a68daedc54c7c3464508d8c12075e56dcfbd42f8c1bf40169061ae666"},
    {file = "Pillow-10.1.0-cp310-cp310-manylinux_2_17_x86_64.manylinux2014_x86_64.whl", hash = "sha256:c0949b55eb607898e28eaccb525ab104b2d86542a85c74baf3a6dc24002edec2"},
    {file = "Pillow-10.1.0-cp310-cp310-manylinux_2_28_aarch64.whl", hash = "sha256:ae88931f93214777c7a3aa0a8f92a683f83ecde27f65a45f95f22d289a69e593"},
    {file = "Pillow-10.1.0-cp310-cp310-manylinux_2_28_x86_64.whl", hash = "sha256:b0eb01ca85b2361b09480784a7931fc648ed8b7836f01fb9241141b968feb1db"},
    {file = "Pillow-10.1.0-cp310-cp310-musllinux_1_1_aarch64.whl", hash = "sha256:d27b5997bdd2eb9fb199982bb7eb6164db0426904020dc38c10203187ae2ff2f"},
    {file = "Pillow-10.1.0-cp310-cp310-musllinux_1_1_x86_64.whl", hash = "sha256:7df5608bc38bd37ef585ae9c38c9cd46d7c81498f086915b0f97255ea60c2818"},
    {file = "Pillow-10.1.0-cp310-cp310-win_amd64.whl", hash = "sha256:41f67248d92a5e0a2076d3517d8d4b1e41a97e2df10eb8f93106c89107f38b57"},
    {file = "Pillow-10.1.0-cp311-cp311-macosx_10_10_x86_64.whl", hash = "sha256:1fb29c07478e6c06a46b867e43b0bcdb241b44cc52be9bc25ce5944eed4648e7"},
    {file = "Pillow-10.1.0-cp311-cp311-macosx_11_0_arm64.whl", hash = "sha256:2cdc65a46e74514ce742c2013cd4a2d12e8553e3a2563c64879f7c7e4d28bce7"},
    {file = "Pillow-10.1.0-cp311-cp311-manylinux_2_17_aarch64.manylinux2014_aarch64.whl", hash = "sha256:50d08cd0a2ecd2a8657bd3d82c71efd5a58edb04d9308185d66c3a5a5bed9610"},
    {file = "Pillow-10.1.0-cp311-cp311-manylinux_2_17_x86_64.manylinux2014_x86_64.whl", hash = "sha256:062a1610e3bc258bff2328ec43f34244fcec972ee0717200cb1425214fe5b839"},
    {file = "Pillow-10.1.0-cp311-cp311-manylinux_2_28_aarch64.whl", hash = "sha256:61f1a9d247317fa08a308daaa8ee7b3f760ab1809ca2da14ecc88ae4257d6172"},
    {file = "Pillow-10.1.0-cp311-cp311-manylinux_2_28_x86_64.whl", hash = "sha256:a646e48de237d860c36e0db37ecaecaa3619e6f3e9d5319e527ccbc8151df061"},
    {file = "Pillow-10.1.0-cp311-cp311-musllinux_1_1_aarch64.whl", hash = "sha256:47e5bf85b80abc03be7455c95b6d6e4896a62f6541c1f2ce77a7d2bb832af262"},
    {file = "Pillow-10.1.0-cp311-cp311-musllinux_1_1_x86_64.whl", hash = "sha256:a92386125e9ee90381c3369f57a2a50fa9e6aa8b1cf1d9c4b200d41a7dd8e992"},
    {file = "Pillow-10.1.0-cp311-cp311-win_amd64.whl", hash = "sha256:0f7c276c05a9767e877a0b4c5050c8bee6a6d960d7f0c11ebda6b99746068c2a"},
    {file = "Pillow-10.1.0-cp312-cp312-macosx_10_10_x86_64.whl", hash = "sha256:a89b8312d51715b510a4fe9fc13686283f376cfd5abca8cd1c65e4c76e21081b"},
    {file = "Pillow-10.1.0-cp312-cp312-macosx_11_0_arm64.whl", hash = "sha256:00f438bb841382b15d7deb9a05cc946ee0f2c352653c7aa659e75e592f6fa17d"},
    {file = "Pillow-10.1.0-cp312-cp312-manylinux_2_17_aarch64.manylinux2014_aarch64.whl", hash = "sha256:3d929a19f5469b3f4df33a3df2983db070ebb2088a1e145e18facbc28cae5b27"},
    {file = "Pillow-10.1.0-cp312-cp312-manylinux_2_17_x86_64.manylinux2014_x86_64.whl", hash = "sha256:9a92109192b360634a4489c0c756364c0c3a2992906752165ecb50544c251312"},
    {file = "Pillow-10.1.0-cp312-cp312-manylinux_2_28_aarch64.whl", hash = "sha256:0248f86b3ea061e67817c47ecbe82c23f9dd5d5226200eb9090b3873d3ca32de"},
    {file = "Pillow-10.1.0-cp312-cp312-manylinux_2_28_x86_64.whl", hash = "sha256:9882a7451c680c12f232a422730f986a1fcd808da0fd428f08b671237237d651"},
    {file = "Pillow-10.1.0-cp312-cp312-musllinux_1_1_aarch64.whl", hash = "sha256:1c3ac5423c8c1da5928aa12c6e258921956757d976405e9467c5f39d1d577a4b"},
    {file = "Pillow-10.1.0-cp312-cp312-musllinux_1_1_x86_64.whl", hash = "sha256:806abdd8249ba3953c33742506fe414880bad78ac25cc9a9b1c6ae97bedd573f"},
    {file = "Pillow-10.1.0-cp312-cp312-win_amd64.whl", hash = "sha256:eaed6977fa73408b7b8a24e8b14e59e1668cfc0f4c40193ea7ced8e210adf996"},
    {file = "Pillow-10.1.0-cp38-cp38-macosx_10_10_x86_64.whl", hash = "sha256:fe1e26e1ffc38be097f0ba1d0d07fcade2bcfd1d023cda5b29935ae8052bd793"},
    {file = "Pillow-10.1.0-cp38-cp38-macosx_11_0_arm64.whl", hash = "sha256:7a7e3daa202beb61821c06d2517428e8e7c1aab08943e92ec9e5755c2fc9ba5e"},
    {file = "Pillow-10.1.0-cp38-cp38-manylinux_2_17_aarch64.manylinux2014_aarch64.whl", hash = "sha256:24fadc71218ad2b8ffe437b54876c9382b4a29e030a05a9879f615091f42ffc2"},
    {file = "Pillow-10.1.0-cp38-cp38-manylinux_2_17_x86_64.manylinux2014_x86_64.whl", hash = "sha256:fa1d323703cfdac2036af05191b969b910d8f115cf53093125e4058f62012c9a"},
    {file = "Pillow-10.1.0-cp38-cp38-manylinux_2_28_aarch64.whl", hash = "sha256:912e3812a1dbbc834da2b32299b124b5ddcb664ed354916fd1ed6f193f0e2d01"},
    {file = "Pillow-10.1.0-cp38-cp38-manylinux_2_28_x86_64.whl", hash = "sha256:7dbaa3c7de82ef37e7708521be41db5565004258ca76945ad74a8e998c30af8d"},
    {file = "Pillow-10.1.0-cp38-cp38-musllinux_1_1_aarch64.whl", hash = "sha256:9d7bc666bd8c5a4225e7ac71f2f9d12466ec555e89092728ea0f5c0c2422ea80"},
    {file = "Pillow-10.1.0-cp38-cp38-musllinux_1_1_x86_64.whl", hash = "sha256:baada14941c83079bf84c037e2d8b7506ce201e92e3d2fa0d1303507a8538212"},
    {file = "Pillow-10.1.0-cp38-cp38-win_amd64.whl", hash = "sha256:2ef6721c97894a7aa77723740a09547197533146fba8355e86d6d9a4a1056b14"},
    {file = "Pillow-10.1.0-cp39-cp39-macosx_10_10_x86_64.whl", hash = "sha256:0a026c188be3b443916179f5d04548092e253beb0c3e2ee0a4e2cdad72f66099"},
    {file = "Pillow-10.1.0-cp39-cp39-macosx_11_0_arm64.whl", hash = "sha256:04f6f6149f266a100374ca3cc368b67fb27c4af9f1cc8cb6306d849dcdf12616"},
    {file = "Pillow-10.1.0-cp39-cp39-manylinux_2_17_aarch64.manylinux2014_aarch64.whl", hash = "sha256:bb40c011447712d2e19cc261c82655f75f32cb724788df315ed992a4d65696bb"},
    {file = "Pillow-10.1.0-cp39-cp39-manylinux_2_17_x86_64.manylinux2014_x86_64.whl", hash = "sha256:1a8413794b4ad9719346cd9306118450b7b00d9a15846451549314a58ac42219"},
    {file = "Pillow-10.1.0-cp39-cp39-manylinux_2_28_aarch64.whl", hash = "sha256:c9aeea7b63edb7884b031a35305629a7593272b54f429a9869a4f63a1bf04c34"},
    {file = "Pillow-10.1.0-cp39-cp39-manylinux_2_28_x86_64.whl", hash = "sha256:b4005fee46ed9be0b8fb42be0c20e79411533d1fd58edabebc0dd24626882cfd"},
    {file = "Pillow-10.1.0-cp39-cp39-musllinux_1_1_aarch64.whl", hash = "sha256:4d0152565c6aa6ebbfb1e5d8624140a440f2b99bf7afaafbdbf6430426497f28"},
    {file = "Pillow-10.1.0-cp39-cp39-musllinux_1_1_x86_64.whl", hash = "sha256:d921bc90b1defa55c9917ca6b6b71430e4286fc9e44c55ead78ca1a9f9eba5f2"},
    {file = "Pillow-10.1.0-cp39-cp39-win_amd64.whl", hash = "sha256:cfe96560c6ce2f4c07d6647af2d0f3c54cc33289894ebd88cfbb3bcd5391e256"},
    {file = "Pillow-10.1.0-pp310-pypy310_pp73-macosx_10_10_x86_64.whl", hash = "sha256:937bdc5a7f5343d1c97dc98149a0be7eb9704e937fe3dc7140e229ae4fc572a7"},
    {file = "Pillow-10.1.0-pp310-pypy310_pp73-manylinux_2_17_x86_64.manylinux2014_x86_64.whl", hash = "sha256:b1c25762197144e211efb5f4e8ad656f36c8d214d390585d1d21281f46d556ba"},
    {file = "Pillow-10.1.0-pp310-pypy310_pp73-manylinux_2_28_x86_64.whl", hash = "sha256:afc8eef765d948543a4775f00b7b8c079b3321d6b675dde0d02afa2ee23000b4"},
    {file = "Pillow-10.1.0-pp310-pypy310_pp73-win_amd64.whl", hash = "sha256:883f216eac8712b83a63f41b76ddfb7b2afab1b74abbb413c5df6680f071a6b9"},
    {file = "Pillow-10.1.0-pp39-pypy39_pp73-macosx_10_10_x86_64.whl", hash = "sha256:b920e4d028f6442bea9a75b7491c063f0b9a3972520731ed26c83e254302eb1e"},
    {file = "Pillow-10.1.0-pp39-pypy39_pp73-manylinux_2_17_x86_64.manylinux2014_x86_64.whl", hash = "sha256:1c41d960babf951e01a49c9746f92c5a7e0d939d1652d7ba30f6b3090f27e412"},
    {file = "Pillow-10.1.0-pp39-pypy39_pp73-manylinux_2_28_x86_64.whl", hash = "sha256:1fafabe50a6977ac70dfe829b2d5735fd54e190ab55259ec8aea4aaea412fa0b"},
    {file = "Pillow-10.1.0-pp39-pypy39_pp73-win_amd64.whl", hash = "sha256:3b834f4b16173e5b92ab6566f0473bfb09f939ba14b23b8da1f54fa63e4b623f"},
    {file = "Pillow-10.1.0.tar.gz", hash = "sha256:e6bf8de6c36ed96c86ea3b6e1d5273c53f46ef518a062464cd7ef5dd2cf92e38"},
]

[package.extras]
docs = ["furo", "olefile", "sphinx (>=2.4)", "sphinx-copybutton", "sphinx-inline-tabs", "sphinx-removed-in", "sphinxext-opengraph"]
tests = ["check-manifest", "coverage", "defusedxml", "markdown2", "olefile", "packaging", "pyroma", "pytest", "pytest-cov", "pytest-timeout"]

[[package]]
name = "ply"
version = "3.8"
description = "Python Lex & Yacc"
category = "main"
optional = false
python-versions = "*"
files = [
    {file = "ply-3.8.tar.gz", hash = "sha256:e7d1bdff026beb159c9942f7a17e102c375638d9478a7ecd4cc0c76afd8de0b8"},
]

[[package]]
name = "protobuf"
version = "4.25.0"
description = ""
category = "main"
optional = false
python-versions = ">=3.8"
files = [
    {file = "protobuf-4.25.0-cp310-abi3-win32.whl", hash = "sha256:5c1203ac9f50e4853b0a0bfffd32c67118ef552a33942982eeab543f5c634395"},
    {file = "protobuf-4.25.0-cp310-abi3-win_amd64.whl", hash = "sha256:c40ff8f00aa737938c5378d461637d15c442a12275a81019cc2fef06d81c9419"},
    {file = "protobuf-4.25.0-cp37-abi3-macosx_10_9_universal2.whl", hash = "sha256:cf21faba64cd2c9a3ed92b7a67f226296b10159dbb8fbc5e854fc90657d908e4"},
    {file = "protobuf-4.25.0-cp37-abi3-manylinux2014_aarch64.whl", hash = "sha256:32ac2100b0e23412413d948c03060184d34a7c50b3e5d7524ee96ac2b10acf51"},
    {file = "protobuf-4.25.0-cp37-abi3-manylinux2014_x86_64.whl", hash = "sha256:683dc44c61f2620b32ce4927de2108f3ebe8ccf2fd716e1e684e5a50da154054"},
    {file = "protobuf-4.25.0-cp38-cp38-win32.whl", hash = "sha256:1a3ba712877e6d37013cdc3476040ea1e313a6c2e1580836a94f76b3c176d575"},
    {file = "protobuf-4.25.0-cp38-cp38-win_amd64.whl", hash = "sha256:b2cf8b5d381f9378afe84618288b239e75665fe58d0f3fd5db400959274296e9"},
    {file = "protobuf-4.25.0-cp39-cp39-win32.whl", hash = "sha256:63714e79b761a37048c9701a37438aa29945cd2417a97076048232c1df07b701"},
    {file = "protobuf-4.25.0-cp39-cp39-win_amd64.whl", hash = "sha256:d94a33db8b7ddbd0af7c467475fb9fde0c705fb315a8433c0e2020942b863a1f"},
    {file = "protobuf-4.25.0-py3-none-any.whl", hash = "sha256:1a53d6f64b00eecf53b65ff4a8c23dc95df1fa1e97bb06b8122e5a64f49fc90a"},
    {file = "protobuf-4.25.0.tar.gz", hash = "sha256:68f7caf0d4f012fd194a301420cf6aa258366144d814f358c5b32558228afa7c"},
]

[[package]]
name = "pyasn1"
version = "0.5.0"
description = "Pure-Python implementation of ASN.1 types and DER/BER/CER codecs (X.208)"
category = "main"
optional = false
python-versions = "!=3.0.*,!=3.1.*,!=3.2.*,!=3.3.*,!=3.4.*,!=3.5.*,>=2.7"
files = [
    {file = "pyasn1-0.5.0-py2.py3-none-any.whl", hash = "sha256:87a2121042a1ac9358cabcaf1d07680ff97ee6404333bacca15f76aa8ad01a57"},
    {file = "pyasn1-0.5.0.tar.gz", hash = "sha256:97b7290ca68e62a832558ec3976f15cbf911bf5d7c7039d8b861c2a0ece69fde"},
]

[[package]]
name = "pyasn1-modules"
version = "0.3.0"
description = "A collection of ASN.1-based protocols modules"
category = "main"
optional = false
python-versions = "!=3.0.*,!=3.1.*,!=3.2.*,!=3.3.*,!=3.4.*,!=3.5.*,>=2.7"
files = [
    {file = "pyasn1_modules-0.3.0-py2.py3-none-any.whl", hash = "sha256:d3ccd6ed470d9ffbc716be08bd90efbd44d0734bc9303818f7336070984a162d"},
    {file = "pyasn1_modules-0.3.0.tar.gz", hash = "sha256:5bd01446b736eb9d31512a30d46c1ac3395d676c6f3cafa4c03eb54b9925631c"},
]

[package.dependencies]
pyasn1 = ">=0.4.6,<0.6.0"

[[package]]
name = "pycryptodome"
version = "3.4.3"
description = "Cryptographic library for Python"
category = "main"
optional = false
python-versions = "*"
files = [
    {file = "pycryptodome-3.4.3-cp27-cp27m-win32.whl", hash = "sha256:bcaddb2b7a732c3a5a92547a8562c039b36cf6029a4bfa97fc53a74bf165f220"},
    {file = "pycryptodome-3.4.3-cp27-cp27m-win_amd64.whl", hash = "sha256:1870d8d3634b51f063314290988eff99e61e5ca24d3ff88216a1438e2c2f8ea4"},
    {file = "pycryptodome-3.4.3-cp33-cp33m-win32.whl", hash = "sha256:52af28bfb104abae1986214db0e38ce9e5250c7054b7c00ef7bf12b8b149beb6"},
    {file = "pycryptodome-3.4.3-cp33-cp33m-win_amd64.whl", hash = "sha256:c1cecf552234304d618ed6dcf23be19c59ba9de58eb7b2cd03a84bcc847d8b77"},
    {file = "pycryptodome-3.4.3-cp34-cp34m-win32.whl", hash = "sha256:77d2790d2c649dff7b5d25639bba8d11e25c55d79763026fd7c1c0d395b99b2a"},
    {file = "pycryptodome-3.4.3-cp34-cp34m-win_amd64.whl", hash = "sha256:f3a24d6756be74dadaff8c460076ab9b24085d92a1a4fa6934c7623bae1dbdfc"},
    {file = "pycryptodome-3.4.3-cp35-cp35m-win32.whl", hash = "sha256:bcf3a8cbe23bd00197c0860f3806de2538649bb7571b8d26dc5d268cd1c7b0a6"},
    {file = "pycryptodome-3.4.3-cp35-cp35m-win_amd64.whl", hash = "sha256:dce7b68a79c9996688daba0ae02499c3b2a35f0d5e08d81156ae66b91c05625a"},
    {file = "pycryptodome-3.4.3-cp36-cp36m-win32.whl", hash = "sha256:602732408900628603aedf376d14670a9fc5e3778e19aea74fcf7731bed77542"},
    {file = "pycryptodome-3.4.3-cp36-cp36m-win_amd64.whl", hash = "sha256:bdfd5de7ccb7bcf37ec74ec12181f67a1a761f88318258067126827b5ec0d3eb"},
    {file = "pycryptodome-3.4.3.tar.gz", hash = "sha256:4b1697b5787afe8e7fd81b96ff4501376f52cb80fc9dd684f6989ea3b69853f4"},
]

[[package]]
name = "pyparsing"
version = "3.1.1"
description = "pyparsing module - Classes and methods to define and execute parsing grammars"
category = "main"
optional = false
python-versions = ">=3.6.8"
files = [
    {file = "pyparsing-3.1.1-py3-none-any.whl", hash = "sha256:32c7c0b711493c72ff18a981d24f28aaf9c1fb7ed5e9667c9e84e3db623bdbfb"},
    {file = "pyparsing-3.1.1.tar.gz", hash = "sha256:ede28a1a32462f5a9705e07aea48001a08f7cf81a021585011deba701581a0db"},
]

[package.extras]
diagrams = ["jinja2", "railroad-diagrams"]

[[package]]
name = "pyperclip"
version = "1.8.2"
description = "A cross-platform clipboard module for Python. (Only handles plain text for now.)"
category = "main"
optional = false
python-versions = "*"
files = [
    {file = "pyperclip-1.8.2.tar.gz", hash = "sha256:105254a8b04934f0bc84e9c24eb360a591aaf6535c9def5f29d92af107a9bf57"},
]

[[package]]
name = "pyrebase"
version = "3.0.27"
description = "A simple python wrapper for the Firebase API"
category = "main"
optional = false
python-versions = "*"
files = [
    {file = "Pyrebase-3.0.27-py3-none-any.whl", hash = "sha256:a80f9d2a1b29f3c4eb2b6968d87b3282666dfcd8cbacd7e586b48d9609916463"},
    {file = "Pyrebase-3.0.27.tar.gz", hash = "sha256:0a1fd6efc36ae2e4747e8c3b4e6ad5dc1abfa5729d6465b04c8f148ff6c626c0"},
]

[package.dependencies]
gcloud = "0.17.0"
oauth2client = "3.0.0"
pycryptodome = "3.4.3"
python-jwt = "2.0.1"
requests = "2.11.1"
requests-toolbelt = "0.7.0"

[[package]]
name = "python-jwt"
version = "2.0.1"
description = "Module for generating and verifying JSON Web Tokens"
category = "main"
optional = false
python-versions = "*"
files = [
    {file = "python_jwt-2.0.1-py2.py3-none-any.whl", hash = "sha256:6b2d334cfa8af8423d96bff45a00a7bc811d87f460d1e7f4732b3ae90220f02c"},
    {file = "python_jwt-2.0.1.tar.gz", hash = "sha256:db2a8ad41b816e0c00e0f8ba3c1899675daa26139641a61356579304960533a1"},
]

[package.dependencies]
jws = ">=0.1.3"

[[package]]
name = "pywin32"
version = "306"
description = "Python for Window Extensions"
category = "main"
optional = false
python-versions = "*"
files = [
    {file = "pywin32-306-cp310-cp310-win32.whl", hash = "sha256:06d3420a5155ba65f0b72f2699b5bacf3109f36acbe8923765c22938a69dfc8d"},
    {file = "pywin32-306-cp310-cp310-win_amd64.whl", hash = "sha256:84f4471dbca1887ea3803d8848a1616429ac94a4a8d05f4bc9c5dcfd42ca99c8"},
    {file = "pywin32-306-cp311-cp311-win32.whl", hash = "sha256:e65028133d15b64d2ed8f06dd9fbc268352478d4f9289e69c190ecd6818b6407"},
    {file = "pywin32-306-cp311-cp311-win_amd64.whl", hash = "sha256:a7639f51c184c0272e93f244eb24dafca9b1855707d94c192d4a0b4c01e1100e"},
    {file = "pywin32-306-cp311-cp311-win_arm64.whl", hash = "sha256:70dba0c913d19f942a2db25217d9a1b726c278f483a919f1abfed79c9cf64d3a"},
    {file = "pywin32-306-cp312-cp312-win32.whl", hash = "sha256:383229d515657f4e3ed1343da8be101000562bf514591ff383ae940cad65458b"},
    {file = "pywin32-306-cp312-cp312-win_amd64.whl", hash = "sha256:37257794c1ad39ee9be652da0462dc2e394c8159dfd913a8a4e8eb6fd346da0e"},
    {file = "pywin32-306-cp312-cp312-win_arm64.whl", hash = "sha256:5821ec52f6d321aa59e2db7e0a35b997de60c201943557d108af9d4ae1ec7040"},
    {file = "pywin32-306-cp37-cp37m-win32.whl", hash = "sha256:1c73ea9a0d2283d889001998059f5eaaba3b6238f767c9cf2833b13e6a685f65"},
    {file = "pywin32-306-cp37-cp37m-win_amd64.whl", hash = "sha256:72c5f621542d7bdd4fdb716227be0dd3f8565c11b280be6315b06ace35487d36"},
    {file = "pywin32-306-cp38-cp38-win32.whl", hash = "sha256:e4c092e2589b5cf0d365849e73e02c391c1349958c5ac3e9d5ccb9a28e017b3a"},
    {file = "pywin32-306-cp38-cp38-win_amd64.whl", hash = "sha256:e8ac1ae3601bee6ca9f7cb4b5363bf1c0badb935ef243c4733ff9a393b1690c0"},
    {file = "pywin32-306-cp39-cp39-win32.whl", hash = "sha256:e25fd5b485b55ac9c057f67d94bc203f3f6595078d1fb3b458c9c28b7153a802"},
    {file = "pywin32-306-cp39-cp39-win_amd64.whl", hash = "sha256:39b61c15272833b5c329a2989999dcae836b1eed650252ab1b7bfbe1d59f30f4"},
]

[[package]]
name = "ratelim"
version = "0.1.6"
description = "Makes it easy to respect rate limits."
category = "main"
optional = false
python-versions = "*"
files = [
    {file = "ratelim-0.1.6-py2.py3-none-any.whl", hash = "sha256:e1a7dd39e6b552b7cc7f52169cd66cdb826a1a30198e355d7016012987c9ad08"},
    {file = "ratelim-0.1.6.tar.gz", hash = "sha256:826d32177e11f9a12831901c9fda6679fd5bbea3605910820167088f5acbb11d"},
]

[package.dependencies]
decorator = "*"

[[package]]
name = "requests"
version = "2.11.1"
description = "Python HTTP for Humans."
category = "main"
optional = false
python-versions = "*"
files = [
    {file = "requests-2.11.1-py2.py3-none-any.whl", hash = "sha256:545c4855cd9d7c12671444326337013766f4eea6068c3f0307fb2dc2696d580e"},
    {file = "requests-2.11.1.tar.gz", hash = "sha256:5acf980358283faba0b897c73959cecf8b841205bb4b2ad3ef545f46eae1a133"},
]

[package.extras]
security = ["ndg-httpsclient", "pyOpenSSL (>=0.13)", "pyasn1"]
socks = ["PySocks (>=1.5.6)"]

[[package]]
name = "requests-toolbelt"
version = "0.7.0"
description = "A utility belt for advanced users of python-requests"
category = "main"
optional = false
python-versions = "*"
files = [
    {file = "requests-toolbelt-0.7.0.tar.gz", hash = "sha256:33899d4a559c3f0f5e9fbc115d337c4236febdc083755a160a4132d92fc3c91a"},
    {file = "requests_toolbelt-0.7.0-py2.py3-none-any.whl", hash = "sha256:a0432b1124e6b33151ecf694497b4808690dd94ce68c6648c1daa63b771278c4"},
]

[package.dependencies]
requests = ">=2.0.1,<3.0.0"

[[package]]
name = "rsa"
version = "4.9"
description = "Pure-Python RSA implementation"
category = "main"
optional = false
python-versions = ">=3.6,<4"
files = [
    {file = "rsa-4.9-py3-none-any.whl", hash = "sha256:90260d9058e514786967344d0ef75fa8727eed8a7d2e43ce9f4bcf1b536174f7"},
    {file = "rsa-4.9.tar.gz", hash = "sha256:e38464a49c6c85d7f1351b0126661487a7e0a14a50f1675ec50eb34d4f20ef21"},
]

[package.dependencies]
pyasn1 = ">=0.1.3"

[[package]]
name = "six"
version = "1.16.0"
description = "Python 2 and 3 compatibility utilities"
category = "main"
optional = false
python-versions = ">=2.7, !=3.0.*, !=3.1.*, !=3.2.*"
files = [
    {file = "six-1.16.0-py2.py3-none-any.whl", hash = "sha256:8abb2f1d86890a2dfb989f9a77cfcfd3e47c2a354b01111771326f8aa26e0254"},
    {file = "six-1.16.0.tar.gz", hash = "sha256:1e61c37477a1626458e36f7b1d82aa5c9b094fa4802892072e49de9c60c4c926"},
]

[[package]]
name = "tk"
version = "0.1.0"
description = "TensorKit is a deep learning helper between Python and C++."
category = "main"
optional = false
python-versions = "*"
files = [
    {file = "tk-0.1.0-py3-none-any.whl", hash = "sha256:703a69ff0d5ba2bd2f7440582ad10160e4a6561595d33457dc6caa79b9bf4930"},
    {file = "tk-0.1.0.tar.gz", hash = "sha256:60bc8923d5d35f67f5c6bd93d4f0c49d2048114ec077768f959aef36d4ed97f8"},
]

[[package]]
name = "tkintermapview"
version = "1.29"
description = "A python Tkinter widget to display image tile maps like OpenStreetMap or Satellite Images."
category = "main"
optional = false
python-versions = ">=3.6"
files = [
    {file = "tkintermapview-1.29-py3-none-any.whl", hash = "sha256:18d758bac06851df3f622548974ccf48258ad8f931e40814f06169ea2588fbef"},
    {file = "tkintermapview-1.29.tar.gz", hash = "sha256:e242a86935dd5e0a5fb7c9f6ac5f70c475911e1585790eddc017576e322fd2d7"},
]

[package.dependencies]
customtkinter = "*"
geocoder = "*"
pillow = "*"
pyperclip = "*"
pywin32 = {version = "*", markers = "platform_system == \"Windows\""}
requests = "*"

[metadata]
lock-version = "2.0"
python-versions = "^3.11"
content-hash = "d29e73723b79bf6ef747837f5f18347b517b4618ca853c8b3e8c67fe828a267a"
